
Microsoft Visual Studio Solution File, Format Version 12.00
# Visual Studio Version 17
VisualStudioVersion = 17.0.32014.148
MinimumVisualStudioVersion = 10.0.40219.1
Project("{FAE04EC0-301F-11D3-BF4B-00C04F79EFBC}") = "Aula01_RestAPI", "Aula01_RestAPI\Aula01_RestAPI.csproj", "{DE9FA988-AC47-4146-BB8E-223013B7FF55}"
EndProject
Global
	GlobalSection(SolutionConfigurationPlatforms) = preSolution
		Debug|Any CPU = Debug|Any CPU
		Release|Any CPU = Release|Any CPU
	EndGlobalSection
	GlobalSection(ProjectConfigurationPlatforms) = postSolution
		{DE9FA988-AC47-4146-BB8E-223013B7FF55}.Debug|Any CPU.ActiveCfg = Debug|Any CPU
		{DE9FA988-AC47-4146-BB8E-223013B7FF55}.Debug|Any CPU.Build.0 = Debug|Any CPU
		{DE9FA988-AC47-4146-BB8E-223013B7FF55}.Release|Any CPU.ActiveCfg = Release|Any CPU
		{DE9FA988-AC47-4146-BB8E-223013B7FF55}.Release|Any CPU.Build.0 = Release|Any CPU
	EndGlobalSection
	GlobalSection(SolutionProperties) = preSolution
		HideSolutionNode = FALSE
	EndGlobalSection
	GlobalSection(ExtensibilityGlobals) = postSolution
		SolutionGuid = {CCE51B78-0556-45DD-81C6-F977F4B37AE0}
	EndGlobalSection
EndGlobal
